
Microsoft Visual Studio Solution File, Format Version 12.00
# Visual Studio 14
VisualStudioVersion = 14.0.25123.0
MinimumVisualStudioVersion = 10.0.40219.1
Project("{8BC9CEB8-8B4A-11D0-8D11-00A0C91BC942}") = "VT64_EPT", "VT64_EPT\VT64_EPT.vcxproj", "{8737363D-FFC2-4388-82BF-08C373FEAE25}"
EndProject
Global
	GlobalSection(SolutionConfigurationPlatforms) = preSolution
		Debug|ARM = Debug|ARM
		Debug|ARM64 = Debug|ARM64
		Debug|x64 = Debug|x64
		Debug|x86 = Debug|x86
		Release|ARM = Release|ARM
		Release|ARM64 = Release|ARM64
		Release|x64 = Release|x64
		Release|x86 = Release|x86
	EndGlobalSection
	GlobalSection(ProjectConfigurationPlatforms) = postSolution
		{8737363D-FFC2-4388-82BF-08C373FEAE25}.Debug|ARM.ActiveCfg = Debug|ARM
		{8737363D-FFC2-4388-82BF-08C373FEAE25}.Debug|ARM.Build.0 = Debug|ARM
		{8737363D-FFC2-4388-82BF-08C373FEAE25}.Debug|ARM.Deploy.0 = Debug|ARM
		{8737363D-FFC2-4388-82BF-08C373FEAE25}.Debug|ARM64.ActiveCfg = Debug|ARM64
		{8737363D-FFC2-4388-82BF-08C373FEAE25}.Debug|ARM64.Build.0 = Debug|ARM64
		{8737363D-FFC2-4388-82BF-08C373FEAE25}.Debug|ARM64.Deploy.0 = Debug|ARM64
		{8737363D-FFC2-4388-82BF-08C373FEAE25}.Debug|x64.ActiveCfg = Debug|x64
		{8737363D-FFC2-4388-82BF-08C373FEAE25}.Debug|x64.Build.0 = Debug|x64
		{8737363D-FFC2-4388-82BF-08C373FEAE25}.Debug|x64.Deploy.0 = Debug|x64
		{8737363D-FFC2-4388-82BF-08C373FEAE25}.Debug|x86.ActiveCfg = Debug|Win32
		{8737363D-FFC2-4388-82BF-08C373FEAE25}.Debug|x86.Build.0 = Debug|Win32
		{8737363D-FFC2-4388-82BF-08C373FEAE25}.Debug|x86.Deploy.0 = Debug|Win32
		{8737363D-FFC2-4388-82BF-08C373FEAE25}.Release|ARM.ActiveCfg = Release|ARM
		{8737363D-FFC2-4388-82BF-08C373FEAE25}.Release|ARM.Build.0 = Release|ARM
		{8737363D-FFC2-4388-82BF-08C373FEAE25}.Release|ARM.Deploy.0 = Release|ARM
		{8737363D-FFC2-4388-82BF-08C373FEAE25}.Release|ARM64.ActiveCfg = Release|ARM64
		{8737363D-FFC2-4388-82BF-08C373FEAE25}.Release|ARM64.Build.0 = Release|ARM64
		{8737363D-FFC2-4388-82BF-08C373FEAE25}.Release|ARM64.Deploy.0 = Release|ARM64
		{8737363D-FFC2-4388-82BF-08C373FEAE25}.Release|x64.ActiveCfg = Release|x64
		{8737363D-FFC2-4388-82BF-08C373FEAE25}.Release|x64.Build.0 = Release|x64
		{8737363D-FFC2-4388-82BF-08C373FEAE25}.Release|x64.Deploy.0 = Release|x64
		{8737363D-FFC2-4388-82BF-08C373FEAE25}.Release|x86.ActiveCfg = Release|Win32
		{8737363D-FFC2-4388-82BF-08C373FEAE25}.Release|x86.Build.0 = Release|Win32
		{8737363D-FFC2-4388-82BF-08C373FEAE25}.Release|x86.Deploy.0 = Release|Win32
	EndGlobalSection
	GlobalSection(SolutionProperties) = preSolution
		HideSolutionNode = FALSE
	EndGlobalSection
EndGlobal
